PODS:
  - CocoaAsyncSocket (7.4.2)
  - JSQMessagesViewController (7.2.0):
    - JSQSystemSoundPlayer (~> 2.0.1)
  - JSQSystemSoundPlayer (2.0.1)
  - MZAppearance (1.1.6)
  - MZFormSheetPresentationController (2.1.2):
    - MZAppearance

DEPENDENCIES:
  - CocoaAsyncSocket
  - JSQMessagesViewController (from `https://github.com/jessesquires/JSQMessagesViewController`,
    tag `7.2.0`)
  - MZFormSheetPresentationController

EXTERNAL SOURCES:
  JSQMessagesViewController:
    :git: https://github.com/jessesquires/JSQMessagesViewController
    :tag: 7.2.0

CHECKOUT OPTIONS:
  JSQMessagesViewController:
    :git: https://github.com/jessesquires/JSQMessagesViewController
    :tag: 7.2.0

SPEC CHECKSUMS:
  CocoaAsyncSocket: f5783bdedd232d91b89769bc4b5a1580aed518ad
  JSQMessagesViewController: 73cab48aa92fc2d512f3b6724f3425cc47a19eb5
  JSQSystemSoundPlayer: c5850e77a4363ffd374cd851154b9af93264ed8d
  MZAppearance: 0c06d3fa9cc55142f1da14bc8631fbe8fd6e19d5
  MZFormSheetPresentationController: a268a1840780d52f47688d823d2b6d35318bf24d

COCOAPODS: 0.39.0
