// !$*UTF8*$!
{
	archiveVersion = 1;
	classes = {
	};
	objectVersion = 46;
	objects = {

/* Begin PBXBuildFile section */
		C0703B3A1BEC0FD50092F168 /* main.m in Sources */ = {isa = PBXBuildFile; fileRef = C0703B391BEC0FD50092F168 /* main.m */; };
		C0703B3D1BEC0FD50092F168 /* AppDelegate.m in Sources */ = {isa = PBXBuildFile; fileRef = C0703B3C1BEC0FD50092F168 /* AppDelegate.m */; };
		C0703B401BEC0FD50092F168 /* ViewController.m in Sources */ = {isa = PBXBuildFile; fileRef = C0703B3F1BEC0FD50092F168 /* ViewController.m */; };
		C0703B431BEC0FD50092F168 /* Main.storyboard in Resources */ = {isa = PBXBuildFile; fileRef = C0703B411BEC0FD50092F168 /* Main.storyboard */; };
		C0703B451BEC0FD50092F168 /* Assets.xcassets in Resources */ = {isa = PBXBuildFile; fileRef = C0703B441BEC0FD50092F168 /* Assets.xcassets */; };
		C0703B481BEC0FD50092F168 /* LaunchScreen.storyboard in Resources */ = {isa = PBXBuildFile; fileRef = C0703B461BEC0FD50092F168 /* LaunchScreen.storyboard */; };
		C0703B551BEC10CB0092F168 /* 1.jpg in Resources */ = {isa = PBXBuildFile; fileRef = C0703B4F1BEC10CB0092F168 /* 1.jpg */; };
		C0703B561BEC10CB0092F168 /* 2.jpg in Resources */ = {isa = PBXBuildFile; fileRef = C0703B501BEC10CB0092F168 /* 2.jpg */; };
		C0703B571BEC10CB0092F168 /* 3.jpg in Resources */ = {isa = PBXBuildFile; fileRef = C0703B511BEC10CB0092F168 /* 3.jpg */; };
		C0703B581BEC10CB0092F168 /* 4.jpg in Resources */ = {isa = PBXBuildFile; fileRef = C0703B521BEC10CB0092F168 /* 4.jpg */; };
		C0703B591BEC10CB0092F168 /* 5.jpg in Resources */ = {isa = PBXBuildFile; fileRef = C0703B531BEC10CB0092F168 /* 5.jpg */; };
		C0703B5A1BEC10CB0092F168 /* 6.jpg in Resources */ = {isa = PBXBuildFile; fileRef = C0703B541BEC10CB0092F168 /* 6.jpg */; };
		C0703B5C1BEC184F0092F168 /* CoreMotion.framework in Frameworks */ = {isa = PBXBuildFile; fileRef = C0703B5B1BEC184F0092F168 /* CoreMotion.framework */; };
/* End PBXBuildFile section */

/* Begin PBXFileReference section */
		C0703B351BEC0FD50092F168 /* Exercise7Group7.app */ = {isa = PBXFileReference; explicitFileType = wrapper.application; includeInIndex = 0; path = Exercise7Group7.app; sourceTree = BUILT_PRODUCTS_DIR; };
		C0703B391BEC0FD50092F168 /* main.m */ = {isa = PBXFileReference; lastKnownFileType = sourcecode.c.objc; path = main.m; sourceTree = "<group>"; };
		C0703B3B1BEC0FD50092F168 /* AppDelegate.h */ = {isa = PBXFileReference; lastKnownFileType = sourcecode.c.h; path = AppDelegate.h; sourceTree = "<group>"; };
		C0703B3C1BEC0FD50092F168 /* AppDelegate.m */ = {isa = PBXFileReference; lastKnownFileType = sourcecode.c.objc; path = AppDelegate.m; sourceTree = "<group>"; };
		C0703B3E1BEC0FD50092F168 /* ViewController.h */ = {isa = PBXFileReference; lastKnownFileType = sourcecode.c.h; path = ViewController.h; sourceTree = "<group>"; };
		C0703B3F1BEC0FD50092F168 /* ViewController.m */ = {isa = PBXFileReference; lastKnownFileType = sourcecode.c.objc; path = ViewController.m; sourceTree = "<group>"; };
		C0703B421BEC0FD50092F168 /* Base */ = {isa = PBXFileReference; lastKnownFileType = file.storyboard; name = Base; path = Base.lproj/Main.storyboard; sourceTree = "<group>"; };
		C0703B441BEC0FD50092F168 /* Assets.xcassets */ = {isa = PBXFileReference; lastKnownFileType = folder.assetcatalog; path = Assets.xcassets; sourceTree = "<group>"; };
		C0703B471BEC0FD50092F168 /* Base */ = {isa = PBXFileReference; lastKnownFileType = file.storyboard; name = Base; path = Base.lproj/LaunchScreen.storyboard; sourceTree = "<group>"; };
		C0703B491BEC0FD50092F168 /* Info.plist */ = {isa = PBXFileReference; lastKnownFileType = text.plist.xml; path = Info.plist; sourceTree = "<group>"; };
		C0703B4F1BEC10CB0092F168 /* 1.jpg */ = {isa = PBXFileReference; lastKnownFileType = image.jpeg; path = 1.jpg; sourceTree = "<group>"; };
		C0703B501BEC10CB0092F168 /* 2.jpg */ = {isa = PBXFileReference; lastKnownFileType = image.jpeg; path = 2.jpg; sourceTree = "<group>"; };
		C0703B511BEC10CB0092F168 /* 3.jpg */ = {isa = PBXFileReference; lastKnownFileType = image.jpeg; path = 3.jpg; sourceTree = "<group>"; };
		C0703B521BEC10CB0092F168 /* 4.jpg */ = {isa = PBXFileReference; lastKnownFileType = image.jpeg; path = 4.jpg; sourceTree = "<group>"; };
		C0703B531BEC10CB0092F168 /* 5.jpg */ = {isa = PBXFileReference; lastKnownFileType = image.jpeg; path = 5.jpg; sourceTree = "<group>"; };
		C0703B541BEC10CB0092F168 /* 6.jpg */ = {isa = PBXFileReference; lastKnownFileType = image.jpeg; path = 6.jpg; sourceTree = "<group>"; };
		C0703B5B1BEC184F0092F168 /* CoreMotion.framework */ = {isa = PBXFileReference; lastKnownFileType = wrapper.framework; name = CoreMotion.framework; path = System/Library/Frameworks/CoreMotion.framework; sourceTree = SDKROOT; };
/* End PBXFileReference section */

/* Begin PBXFrameworksBuildPhase section */
		C0703B321BEC0FD50092F168 /* Frameworks */ = {
			isa = PBXFrameworksBuildPhase;
			buildActionMask = 2147483647;
			files = (
				C0703B5C1BEC184F0092F168 /* CoreMotion.framework in Frameworks */,
			);
			runOnlyForDeploymentPostprocessing = 0;
		};
/* End PBXFrameworksBuildPhase section */

/* Begin PBXGroup section */
		C0703B2C1BEC0FD50092F168 = {
			isa = PBXGroup;
			children = (
				C0703B5B1BEC184F0092F168 /* CoreMotion.framework */,
				C0703B371BEC0FD50092F168 /* Exercise7Group7 */,
				C0703B361BEC0FD50092F168 /* Products */,
			);
			sourceTree = "<group>";
		};
		C0703B361BEC0FD50092F168 /* Products */ = {
			isa = PBXGroup;
			children = (
				C0703B351BEC0FD50092F168 /* Exercise7Group7.app */,
			);
			name = Products;
			sourceTree = "<group>";
		};
		C0703B371BEC0FD50092F168 /* Exercise7Group7 */ = {
			isa = PBXGroup;
			children = (
				C0703B4F1BEC10CB0092F168 /* 1.jpg */,
				C0703B501BEC10CB0092F168 /* 2.jpg */,
				C0703B511BEC10CB0092F168 /* 3.jpg */,
				C0703B521BEC10CB0092F168 /* 4.jpg */,
				C0703B531BEC10CB0092F168 /* 5.jpg */,
				C0703B541BEC10CB0092F168 /* 6.jpg */,
				C0703B3B1BEC0FD50092F168 /* AppDelegate.h */,
				C0703B3C1BEC0FD50092F168 /* AppDelegate.m */,
				C0703B3E1BEC0FD50092F168 /* ViewController.h */,
				C0703B3F1BEC0FD50092F168 /* ViewController.m */,
				C0703B411BEC0FD50092F168 /* Main.storyboard */,
				C0703B441BEC0FD50092F168 /* Assets.xcassets */,
				C0703B461BEC0FD50092F168 /* LaunchScreen.storyboard */,
				C0703B491BEC0FD50092F168 /* Info.plist */,
				C0703B381BEC0FD50092F168 /* Supporting Files */,
			);
			path = Exercise7Group7;
			sourceTree = "<group>";
		};
		C0703B381BEC0FD50092F168 /* Supporting Files */ = {
			isa = PBXGroup;
			children = (
				C0703B391BEC0FD50092F168 /* main.m */,
			);
			name = "Supporting Files";
			sourceTree = "<group>";
		};
/* End PBXGroup section */

/* Begin PBXNativeTarget section */
		C0703B341BEC0FD50092F168 /* Exercise7Group7 */ = {
			isa = PBXNativeTarget;
			buildConfigurationList = C0703B4C1BEC0FD50092F168 /* Build configuration list for PBXNativeTarget "Exercise7Group7" */;
			buildPhases = (
				C0703B311BEC0FD50092F168 /* Sources */,
				C0703B321BEC0FD50092F168 /* Frameworks */,
				C0703B331BEC0FD50092F168 /* Resources */,
			);
			buildRules = (
			);
			dependencies = (
			);
			name = Exercise7Group7;
			productName = Exercise7Group7;
			productReference = C0703B351BEC0FD50092F168 /* Exercise7Group7.app */;
			productType = "com.apple.product-type.application";
		};
/* End PBXNativeTarget section */

/* Begin PBXProject section */
		C0703B2D1BEC0FD50092F168 /* Project object */ = {
			isa = PBXProject;
			attributes = {
				LastUpgradeCheck = 0710;
				ORGANIZATIONNAME = team7;
				TargetAttributes = {
					C0703B341BEC0FD50092F168 = {
						CreatedOnToolsVersion = 7.1;
					};
				};
			};
			buildConfigurationList = C0703B301BEC0FD50092F168 /* Build configuration list for PBXProject "Exercise7Group7" */;
			compatibilityVersion = "Xcode 3.2";
			developmentRegion = English;
			hasScannedForEncodings = 0;
			knownRegions = (
				en,
				Base,
			);
			mainGroup = C0703B2C1BEC0FD50092F168;
			productRefGroup = C0703B361BEC0FD50092F168 /* Products */;
			projectDirPath = "";
			projectRoot = "";
			targets = (
				C0703B341BEC0FD50092F168 /* Exercise7Group7 */,
			);
		};
/* End PBXProject section */

/* Begin PBXResourcesBuildPhase section */
		C0703B331BEC0FD50092F168 /* Resources */ = {
			isa = PBXResourcesBuildPhase;
			buildActionMask = 2147483647;
			files = (
				C0703B5A1BEC10CB0092F168 /* 6.jpg in Resources */,
				C0703B481BEC0FD50092F168 /* LaunchScreen.storyboard in Resources */,
				C0703B591BEC10CB0092F168 /* 5.jpg in Resources */,
				C0703B581BEC10CB0092F168 /* 4.jpg in Resources */,
				C0703B551BEC10CB0092F168 /* 1.jpg in Resources */,
				C0703B561BEC10CB0092F168 /* 2.jpg in Resources */,
				C0703B571BEC10CB0092F168 /* 3.jpg in Resources */,
				C0703B451BEC0FD50092F168 /* Assets.xcassets in Resources */,
				C0703B431BEC0FD50092F168 /* Main.storyboard in Resources */,
			);
			runOnlyForDeploymentPostprocessing = 0;
		};
/* End PBXResourcesBuildPhase section */

/* Begin PBXSourcesBuildPhase section */
		C0703B311BEC0FD50092F168 /* Sources */ = {
			isa = PBXSourcesBuildPhase;
			buildActionMask = 2147483647;
			files = (
				C0703B401BEC0FD50092F168 /* ViewController.m in Sources */,
				C0703B3D1BEC0FD50092F168 /* AppDelegate.m in Sources */,
				C0703B3A1BEC0FD50092F168 /* main.m in Sources */,
			);
			runOnlyForDeploymentPostprocessing = 0;
		};
/* End PBXSourcesBuildPhase section */

/* Begin PBXVariantGroup section */
		C0703B411BEC0FD50092F168 /* Main.storyboard */ = {
			isa = PBXVariantGroup;
			children = (
				C0703B421BEC0FD50092F168 /* Base */,
			);
			name = Main.storyboard;
			sourceTree = "<group>";
		};
		C0703B461BEC0FD50092F168 /* LaunchScreen.storyboard */ = {
			isa = PBXVariantGroup;
			children = (
				C0703B471BEC0FD50092F168 /* Base */,
			);
			name = LaunchScreen.storyboard;
			sourceTree = "<group>";
		};
/* End PBXVariantGroup section */

/* Begin XCBuildConfiguration section */
		C0703B4A1BEC0FD50092F168 /* Debug */ = {
			isa = XCBuildConfiguration;
			buildSettings = {
				ALWAYS_SEARCH_USER_PATHS = NO;
				CLANG_CXX_LANGUAGE_STANDARD = "gnu++0x";
				CLANG_CXX_LIBRARY = "libc++";
				CLANG_ENABLE_MODULES = YES;
				CLANG_ENABLE_OBJC_ARC = YES;
				CLANG_WARN_BOOL_CONVERSION = YES;
				CLANG_WARN_CONSTANT_CONVERSION = YES;
				CLANG_WARN_DIRECT_OBJC_ISA_USAGE = YES_ERROR;
				CLANG_WARN_EMPTY_BODY = YES;
				CLANG_WARN_ENUM_CONVERSION = YES;
				CLANG_WARN_INT_CONVERSION = YES;
				CLANG_WARN_OBJC_ROOT_CLASS = YES_ERROR;
				CLANG_WARN_UNREACHABLE_CODE = YES;
				CLANG_WARN__DUPLICATE_METHOD_MATCH = YES;
				"CODE_SIGN_IDENTITY[sdk=iphoneos*]" = "iPhone Developer";
				COPY_PHASE_STRIP = NO;
				DEBUG_INFORMATION_FORMAT = dwarf;
				ENABLE_STRICT_OBJC_MSGSEND = YES;
				ENABLE_TESTABILITY = YES;
				GCC_C_LANGUAGE_STANDARD = gnu99;
				GCC_DYNAMIC_NO_PIC = NO;
				GCC_NO_COMMON_BLOCKS = YES;
				GCC_OPTIMIZATION_LEVEL = 0;
				GCC_PREPROCESSOR_DEFINITIONS = (
					"DEBUG=1",
					"$(inherited)",
				);
				GCC_WARN_64_TO_32_BIT_CONVERSION = YES;
				GCC_WARN_ABOUT_RETURN_TYPE = YES_ERROR;
				GCC_WARN_UNDECLARED_SELECTOR = YES;
				GCC_WARN_UNINITIALIZED_AUTOS = YES_AGGRESSIVE;
				GCC_WARN_UNUSED_FUNCTION = YES;
				GCC_WARN_UNUSED_VARIABLE = YES;
				IPHONEOS_DEPLOYMENT_TARGET = 9.1;
				MTL_ENABLE_DEBUG_INFO = YES;
				ONLY_ACTIVE_ARCH = YES;
				SDKROOT = iphoneos;
				TARGETED_DEVICE_FAMILY = 2;
			};
			name = Debug;
		};
		C0703B4B1BEC0FD50092F168 /* Release */ = {
			isa = XCBuildConfiguration;
			buildSettings = {
				ALWAYS_SEARCH_USER_PATHS = NO;
				CLANG_CXX_LANGUAGE_STANDARD = "gnu++0x";
				CLANG_CXX_LIBRARY = "libc++";
				CLANG_ENABLE_MODULES = YES;
				CLANG_ENABLE_OBJC_ARC = YES;
				CLANG_WARN_BOOL_CONVERSION = YES;
				CLANG_WARN_CONSTANT_CONVERSION = YES;
				CLANG_WARN_DIRECT_OBJC_ISA_USAGE = YES_ERROR;
				CLANG_WARN_EMPTY_BODY = YES;
				CLANG_WARN_ENUM_CONVERSION = YES;
				CLANG_WARN_INT_CONVERSION = YES;
				CLANG_WARN_OBJC_ROOT_CLASS = YES_ERROR;
				CLANG_WARN_UNREACHABLE_CODE = YES;
				CLANG_WARN__DUPLICATE_METHOD_MATCH = YES;
				"CODE_SIGN_IDENTITY[sdk=iphoneos*]" = "iPhone Developer";
				COPY_PHASE_STRIP = NO;
				DEBUG_INFORMATION_FORMAT = "dwarf-with-dsym";
				ENABLE_NS_ASSERTIONS = NO;
				ENABLE_STRICT_OBJC_MSGSEND = YES;
				GCC_C_LANGUAGE_STANDARD = gnu99;
				GCC_NO_COMMON_BLOCKS = YES;
				GCC_WARN_64_TO_32_BIT_CONVERSION = YES;
				GCC_WARN_ABOUT_RETURN_TYPE = YES_ERROR;
				GCC_WARN_UNDECLARED_SELECTOR = YES;
				GCC_WARN_UNINITIALIZED_AUTOS = YES_AGGRESSIVE;
				GCC_WARN_UNUSED_FUNCTION = YES;
				GCC_WARN_UNUSED_VARIABLE = YES;
				IPHONEOS_DEPLOYMENT_TARGET = 9.1;
				MTL_ENABLE_DEBUG_INFO = NO;
				SDKROOT = iphoneos;
				TARGETED_DEVICE_FAMILY = 2;
				VALIDATE_PRODUCT = YES;
			};
			name = Release;
		};
		C0703B4D1BEC0FD50092F168 /* Debug */ = {
			isa = XCBuildConfiguration;
			buildSettings = {
				ASSETCATALOG_COMPILER_APPICON_NAME = AppIcon;
				INFOPLIST_FILE = Exercise7Group7/Info.plist;
				LD_RUNPATH_SEARCH_PATHS = "$(inherited) @executable_path/Frameworks";
				PRODUCT_BUNDLE_IDENTIFIER = team7.Exercise7Group7;
				PRODUCT_NAME = "$(TARGET_NAME)";
			};
			name = Debug;
		};
		C0703B4E1BEC0FD50092F168 /* Release */ = {
			isa = XCBuildConfiguration;
			buildSettings = {
				ASSETCATALOG_COMPILER_APPICON_NAME = AppIcon;
				INFOPLIST_FILE = Exercise7Group7/Info.plist;
				LD_RUNPATH_SEARCH_PATHS = "$(inherited) @executable_path/Frameworks";
				PRODUCT_BUNDLE_IDENTIFIER = team7.Exercise7Group7;
				PRODUCT_NAME = "$(TARGET_NAME)";
			};
			name = Release;
		};
/* End XCBuildConfiguration section */

/* Begin XCConfigurationList section */
		C0703B301BEC0FD50092F168 /* Build configuration list for PBXProject "Exercise7Group7" */ = {
			isa = XCConfigurationList;
			buildConfigurations = (
				C0703B4A1BEC0FD50092F168 /* Debug */,
				C0703B4B1BEC0FD50092F168 /* Release */,
			);
			defaultConfigurationIsVisible = 0;
			defaultConfigurationName = Release;
		};
		C0703B4C1BEC0FD50092F168 /* Build configuration list for PBXNativeTarget "Exercise7Group7" */ = {
			isa = XCConfigurationList;
			buildConfigurations = (
				C0703B4D1BEC0FD50092F168 /* Debug */,
				C0703B4E1BEC0FD50092F168 /* Release */,
			);
			defaultConfigurationIsVisible = 0;
		};
/* End XCConfigurationList section */
	};
	rootObject = C0703B2D1BEC0FD50092F168 /* Project object */;
}
