// !$*UTF8*$!
{
	archiveVersion = 1;
	classes = {
	};
	objectVersion = 46;
	objects = {

/* Begin PBXBuildFile section */
		C0BFA4031BBDDE77008A7ADD /* main.m in Sources */ = {isa = PBXBuildFile; fileRef = C0BFA4021BBDDE77008A7ADD /* main.m */; };
		C0BFA4061BBDDE77008A7ADD /* AppDelegate.m in Sources */ = {isa = PBXBuildFile; fileRef = C0BFA4051BBDDE77008A7ADD /* AppDelegate.m */; };
		C0BFA4091BBDDE77008A7ADD /* ViewController.m in Sources */ = {isa = PBXBuildFile; fileRef = C0BFA4081BBDDE77008A7ADD /* ViewController.m */; };
		C0BFA40C1BBDDE77008A7ADD /* Main.storyboard in Resources */ = {isa = PBXBuildFile; fileRef = C0BFA40A1BBDDE77008A7ADD /* Main.storyboard */; };
		C0BFA40E1BBDDE77008A7ADD /* Assets.xcassets in Resources */ = {isa = PBXBuildFile; fileRef = C0BFA40D1BBDDE77008A7ADD /* Assets.xcassets */; };
		C0BFA4111BBDDE77008A7ADD /* LaunchScreen.storyboard in Resources */ = {isa = PBXBuildFile; fileRef = C0BFA40F1BBDDE77008A7ADD /* LaunchScreen.storyboard */; };
		C0BFA41C1BBDDE77008A7ADD /* Exercise5Group7Tests.m in Sources */ = {isa = PBXBuildFile; fileRef = C0BFA41B1BBDDE77008A7ADD /* Exercise5Group7Tests.m */; };
		C0BFA4281BBDDFB2008A7ADD /* UserTableViewController.m in Sources */ = {isa = PBXBuildFile; fileRef = C0BFA4271BBDDFB2008A7ADD /* UserTableViewController.m */; settings = {ASSET_TAGS = (); }; };
		C0BFA42B1BBDDFCF008A7ADD /* User.m in Sources */ = {isa = PBXBuildFile; fileRef = C0BFA42A1BBDDFCF008A7ADD /* User.m */; settings = {ASSET_TAGS = (); }; };
		C0BFA4321BBDE570008A7ADD /* addressbook.png in Resources */ = {isa = PBXBuildFile; fileRef = C0BFA42C1BBDE570008A7ADD /* addressbook.png */; settings = {ASSET_TAGS = (); }; };
		C0BFA4331BBDE570008A7ADD /* contact.png in Resources */ = {isa = PBXBuildFile; fileRef = C0BFA42D1BBDE570008A7ADD /* contact.png */; settings = {ASSET_TAGS = (); }; };
		C0BFA4341BBDE570008A7ADD /* female-sign.png in Resources */ = {isa = PBXBuildFile; fileRef = C0BFA42E1BBDE570008A7ADD /* female-sign.png */; settings = {ASSET_TAGS = (); }; };
		C0BFA4351BBDE570008A7ADD /* location.png in Resources */ = {isa = PBXBuildFile; fileRef = C0BFA42F1BBDE570008A7ADD /* location.png */; settings = {ASSET_TAGS = (); }; };
		C0BFA4361BBDE570008A7ADD /* male-sign.png in Resources */ = {isa = PBXBuildFile; fileRef = C0BFA4301BBDE570008A7ADD /* male-sign.png */; settings = {ASSET_TAGS = (); }; };
		C0BFA4371BBDE570008A7ADD /* phone.png in Resources */ = {isa = PBXBuildFile; fileRef = C0BFA4311BBDE570008A7ADD /* phone.png */; settings = {ASSET_TAGS = (); }; };
		C0BFA43A1BBDE735008A7ADD /* UserTableViewCell.m in Sources */ = {isa = PBXBuildFile; fileRef = C0BFA4391BBDE735008A7ADD /* UserTableViewCell.m */; settings = {ASSET_TAGS = (); }; };
/* End PBXBuildFile section */

/* Begin PBXContainerItemProxy section */
		C0BFA4181BBDDE77008A7ADD /* PBXContainerItemProxy */ = {
			isa = PBXContainerItemProxy;
			containerPortal = C0BFA3F61BBDDE77008A7ADD /* Project object */;
			proxyType = 1;
			remoteGlobalIDString = C0BFA3FD1BBDDE77008A7ADD;
			remoteInfo = Exercise5Group7;
		};
/* End PBXContainerItemProxy section */

/* Begin PBXFileReference section */
		C0BFA3FE1BBDDE77008A7ADD /* Exercise5Group7.app */ = {isa = PBXFileReference; explicitFileType = wrapper.application; includeInIndex = 0; path = Exercise5Group7.app; sourceTree = BUILT_PRODUCTS_DIR; };
		C0BFA4021BBDDE77008A7ADD /* main.m */ = {isa = PBXFileReference; lastKnownFileType = sourcecode.c.objc; path = main.m; sourceTree = "<group>"; };
		C0BFA4041BBDDE77008A7ADD /* AppDelegate.h */ = {isa = PBXFileReference; lastKnownFileType = sourcecode.c.h; path = AppDelegate.h; sourceTree = "<group>"; };
		C0BFA4051BBDDE77008A7ADD /* AppDelegate.m */ = {isa = PBXFileReference; lastKnownFileType = sourcecode.c.objc; path = AppDelegate.m; sourceTree = "<group>"; };
		C0BFA4071BBDDE77008A7ADD /* ViewController.h */ = {isa = PBXFileReference; lastKnownFileType = sourcecode.c.h; path = ViewController.h; sourceTree = "<group>"; };
		C0BFA4081BBDDE77008A7ADD /* ViewController.m */ = {isa = PBXFileReference; lastKnownFileType = sourcecode.c.objc; path = ViewController.m; sourceTree = "<group>"; };
		C0BFA40B1BBDDE77008A7ADD /* Base */ = {isa = PBXFileReference; lastKnownFileType = file.storyboard; name = Base; path = Base.lproj/Main.storyboard; sourceTree = "<group>"; };
		C0BFA40D1BBDDE77008A7ADD /* Assets.xcassets */ = {isa = PBXFileReference; lastKnownFileType = folder.assetcatalog; path = Assets.xcassets; sourceTree = "<group>"; };
		C0BFA4101BBDDE77008A7ADD /* Base */ = {isa = PBXFileReference; lastKnownFileType = file.storyboard; name = Base; path = Base.lproj/LaunchScreen.storyboard; sourceTree = "<group>"; };
		C0BFA4121BBDDE77008A7ADD /* Info.plist */ = {isa = PBXFileReference; lastKnownFileType = text.plist.xml; path = Info.plist; sourceTree = "<group>"; };
		C0BFA4171BBDDE77008A7ADD /* Exercise5Group7Tests.xctest */ = {isa = PBXFileReference; explicitFileType = wrapper.cfbundle; includeInIndex = 0; path = Exercise5Group7Tests.xctest; sourceTree = BUILT_PRODUCTS_DIR; };
		C0BFA41B1BBDDE77008A7ADD /* Exercise5Group7Tests.m */ = {isa = PBXFileReference; lastKnownFileType = sourcecode.c.objc; path = Exercise5Group7Tests.m; sourceTree = "<group>"; };
		C0BFA41D1BBDDE77008A7ADD /* Info.plist */ = {isa = PBXFileReference; lastKnownFileType = text.plist.xml; path = Info.plist; sourceTree = "<group>"; };
		C0BFA4261BBDDFB2008A7ADD /* UserTableViewController.h */ = {isa = PBXFileReference; fileEncoding = 4; lastKnownFileType = sourcecode.c.h; path = UserTableViewController.h; sourceTree = "<group>"; };
		C0BFA4271BBDDFB2008A7ADD /* UserTableViewController.m */ = {isa = PBXFileReference; fileEncoding = 4; lastKnownFileType = sourcecode.c.objc; path = UserTableViewController.m; sourceTree = "<group>"; };
		C0BFA4291BBDDFCF008A7ADD /* User.h */ = {isa = PBXFileReference; fileEncoding = 4; lastKnownFileType = sourcecode.c.h; path = User.h; sourceTree = "<group>"; };
		C0BFA42A1BBDDFCF008A7ADD /* User.m */ = {isa = PBXFileReference; fileEncoding = 4; lastKnownFileType = sourcecode.c.objc; path = User.m; sourceTree = "<group>"; };
		C0BFA42C1BBDE570008A7ADD /* addressbook.png */ = {isa = PBXFileReference; lastKnownFileType = image.png; path = addressbook.png; sourceTree = "<group>"; };
		C0BFA42D1BBDE570008A7ADD /* contact.png */ = {isa = PBXFileReference; lastKnownFileType = image.png; path = contact.png; sourceTree = "<group>"; };
		C0BFA42E1BBDE570008A7ADD /* female-sign.png */ = {isa = PBXFileReference; lastKnownFileType = image.png; path = "female-sign.png"; sourceTree = "<group>"; };
		C0BFA42F1BBDE570008A7ADD /* location.png */ = {isa = PBXFileReference; lastKnownFileType = image.png; path = location.png; sourceTree = "<group>"; };
		C0BFA4301BBDE570008A7ADD /* male-sign.png */ = {isa = PBXFileReference; lastKnownFileType = image.png; path = "male-sign.png"; sourceTree = "<group>"; };
		C0BFA4311BBDE570008A7ADD /* phone.png */ = {isa = PBXFileReference; lastKnownFileType = image.png; path = phone.png; sourceTree = "<group>"; };
		C0BFA4381BBDE735008A7ADD /* UserTableViewCell.h */ = {isa = PBXFileReference; fileEncoding = 4; lastKnownFileType = sourcecode.c.h; path = UserTableViewCell.h; sourceTree = "<group>"; };
		C0BFA4391BBDE735008A7ADD /* UserTableViewCell.m */ = {isa = PBXFileReference; fileEncoding = 4; lastKnownFileType = sourcecode.c.objc; path = UserTableViewCell.m; sourceTree = "<group>"; };
/* End PBXFileReference section */

/* Begin PBXFrameworksBuildPhase section */
		C0BFA3FB1BBDDE77008A7ADD /* Frameworks */ = {
			isa = PBXFrameworksBuildPhase;
			buildActionMask = 2147483647;
			files = (
			);
			runOnlyForDeploymentPostprocessing = 0;
		};
		C0BFA4141BBDDE77008A7ADD /* Frameworks */ = {
			isa = PBXFrameworksBuildPhase;
			buildActionMask = 2147483647;
			files = (
			);
			runOnlyForDeploymentPostprocessing = 0;
		};
/* End PBXFrameworksBuildPhase section */

/* Begin PBXGroup section */
		C0BFA3F51BBDDE77008A7ADD = {
			isa = PBXGroup;
			children = (
				C0BFA4001BBDDE77008A7ADD /* Exercise5Group7 */,
				C0BFA41A1BBDDE77008A7ADD /* Exercise5Group7Tests */,
				C0BFA3FF1BBDDE77008A7ADD /* Products */,
			);
			sourceTree = "<group>";
		};
		C0BFA3FF1BBDDE77008A7ADD /* Products */ = {
			isa = PBXGroup;
			children = (
				C0BFA3FE1BBDDE77008A7ADD /* Exercise5Group7.app */,
				C0BFA4171BBDDE77008A7ADD /* Exercise5Group7Tests.xctest */,
			);
			name = Products;
			sourceTree = "<group>";
		};
		C0BFA4001BBDDE77008A7ADD /* Exercise5Group7 */ = {
			isa = PBXGroup;
			children = (
				C0BFA4041BBDDE77008A7ADD /* AppDelegate.h */,
				C0BFA4051BBDDE77008A7ADD /* AppDelegate.m */,
				C0BFA4071BBDDE77008A7ADD /* ViewController.h */,
				C0BFA4081BBDDE77008A7ADD /* ViewController.m */,
				C0BFA40A1BBDDE77008A7ADD /* Main.storyboard */,
				C0BFA4381BBDE735008A7ADD /* UserTableViewCell.h */,
				C0BFA4391BBDE735008A7ADD /* UserTableViewCell.m */,
				C0BFA4291BBDDFCF008A7ADD /* User.h */,
				C0BFA42A1BBDDFCF008A7ADD /* User.m */,
				C0BFA4261BBDDFB2008A7ADD /* UserTableViewController.h */,
				C0BFA4271BBDDFB2008A7ADD /* UserTableViewController.m */,
				C0BFA40D1BBDDE77008A7ADD /* Assets.xcassets */,
				C0BFA40F1BBDDE77008A7ADD /* LaunchScreen.storyboard */,
				C0BFA4121BBDDE77008A7ADD /* Info.plist */,
				C0BFA4011BBDDE77008A7ADD /* Supporting Files */,
			);
			path = Exercise5Group7;
			sourceTree = "<group>";
		};
		C0BFA4011BBDDE77008A7ADD /* Supporting Files */ = {
			isa = PBXGroup;
			children = (
				C0BFA42C1BBDE570008A7ADD /* addressbook.png */,
				C0BFA42D1BBDE570008A7ADD /* contact.png */,
				C0BFA42E1BBDE570008A7ADD /* female-sign.png */,
				C0BFA42F1BBDE570008A7ADD /* location.png */,
				C0BFA4301BBDE570008A7ADD /* male-sign.png */,
				C0BFA4311BBDE570008A7ADD /* phone.png */,
				C0BFA4021BBDDE77008A7ADD /* main.m */,
			);
			name = "Supporting Files";
			sourceTree = "<group>";
		};
		C0BFA41A1BBDDE77008A7ADD /* Exercise5Group7Tests */ = {
			isa = PBXGroup;
			children = (
				C0BFA41B1BBDDE77008A7ADD /* Exercise5Group7Tests.m */,
				C0BFA41D1BBDDE77008A7ADD /* Info.plist */,
			);
			path = Exercise5Group7Tests;
			sourceTree = "<group>";
		};
/* End PBXGroup section */

/* Begin PBXNativeTarget section */
		C0BFA3FD1BBDDE77008A7ADD /* Exercise5Group7 */ = {
			isa = PBXNativeTarget;
			buildConfigurationList = C0BFA4201BBDDE77008A7ADD /* Build configuration list for PBXNativeTarget "Exercise5Group7" */;
			buildPhases = (
				C0BFA3FA1BBDDE77008A7ADD /* Sources */,
				C0BFA3FB1BBDDE77008A7ADD /* Frameworks */,
				C0BFA3FC1BBDDE77008A7ADD /* Resources */,
			);
			buildRules = (
			);
			dependencies = (
			);
			name = Exercise5Group7;
			productName = Exercise5Group7;
			productReference = C0BFA3FE1BBDDE77008A7ADD /* Exercise5Group7.app */;
			productType = "com.apple.product-type.application";
		};
		C0BFA4161BBDDE77008A7ADD /* Exercise5Group7Tests */ = {
			isa = PBXNativeTarget;
			buildConfigurationList = C0BFA4231BBDDE77008A7ADD /* Build configuration list for PBXNativeTarget "Exercise5Group7Tests" */;
			buildPhases = (
				C0BFA4131BBDDE77008A7ADD /* Sources */,
				C0BFA4141BBDDE77008A7ADD /* Frameworks */,
				C0BFA4151BBDDE77008A7ADD /* Resources */,
			);
			buildRules = (
			);
			dependencies = (
				C0BFA4191BBDDE77008A7ADD /* PBXTargetDependency */,
			);
			name = Exercise5Group7Tests;
			productName = Exercise5Group7Tests;
			productReference = C0BFA4171BBDDE77008A7ADD /* Exercise5Group7Tests.xctest */;
			productType = "com.apple.product-type.bundle.unit-test";
		};
/* End PBXNativeTarget section */

/* Begin PBXProject section */
		C0BFA3F61BBDDE77008A7ADD /* Project object */ = {
			isa = PBXProject;
			attributes = {
				LastUpgradeCheck = 0700;
				ORGANIZATIONNAME = team7;
				TargetAttributes = {
					C0BFA3FD1BBDDE77008A7ADD = {
						CreatedOnToolsVersion = 7.0;
					};
					C0BFA4161BBDDE77008A7ADD = {
						CreatedOnToolsVersion = 7.0;
						TestTargetID = C0BFA3FD1BBDDE77008A7ADD;
					};
				};
			};
			buildConfigurationList = C0BFA3F91BBDDE77008A7ADD /* Build configuration list for PBXProject "Exercise5Group7" */;
			compatibilityVersion = "Xcode 3.2";
			developmentRegion = English;
			hasScannedForEncodings = 0;
			knownRegions = (
				en,
				Base,
			);
			mainGroup = C0BFA3F51BBDDE77008A7ADD;
			productRefGroup = C0BFA3FF1BBDDE77008A7ADD /* Products */;
			projectDirPath = "";
			projectRoot = "";
			targets = (
				C0BFA3FD1BBDDE77008A7ADD /* Exercise5Group7 */,
				C0BFA4161BBDDE77008A7ADD /* Exercise5Group7Tests */,
			);
		};
/* End PBXProject section */

/* Begin PBXResourcesBuildPhase section */
		C0BFA3FC1BBDDE77008A7ADD /* Resources */ = {
			isa = PBXResourcesBuildPhase;
			buildActionMask = 2147483647;
			files = (
				C0BFA4111BBDDE77008A7ADD /* LaunchScreen.storyboard in Resources */,
				C0BFA4331BBDE570008A7ADD /* contact.png in Resources */,
				C0BFA40E1BBDDE77008A7ADD /* Assets.xcassets in Resources */,
				C0BFA40C1BBDDE77008A7ADD /* Main.storyboard in Resources */,
				C0BFA4351BBDE570008A7ADD /* location.png in Resources */,
				C0BFA4371BBDE570008A7ADD /* phone.png in Resources */,
				C0BFA4361BBDE570008A7ADD /* male-sign.png in Resources */,
				C0BFA4341BBDE570008A7ADD /* female-sign.png in Resources */,
				C0BFA4321BBDE570008A7ADD /* addressbook.png in Resources */,
			);
			runOnlyForDeploymentPostprocessing = 0;
		};
		C0BFA4151BBDDE77008A7ADD /* Resources */ = {
			isa = PBXResourcesBuildPhase;
			buildActionMask = 2147483647;
			files = (
			);
			runOnlyForDeploymentPostprocessing = 0;
		};
/* End PBXResourcesBuildPhase section */

/* Begin PBXSourcesBuildPhase section */
		C0BFA3FA1BBDDE77008A7ADD /* Sources */ = {
			isa = PBXSourcesBuildPhase;
			buildActionMask = 2147483647;
			files = (
				C0BFA42B1BBDDFCF008A7ADD /* User.m in Sources */,
				C0BFA4091BBDDE77008A7ADD /* ViewController.m in Sources */,
				C0BFA43A1BBDE735008A7ADD /* UserTableViewCell.m in Sources */,
				C0BFA4061BBDDE77008A7ADD /* AppDelegate.m in Sources */,
				C0BFA4281BBDDFB2008A7ADD /* UserTableViewController.m in Sources */,
				C0BFA4031BBDDE77008A7ADD /* main.m in Sources */,
			);
			runOnlyForDeploymentPostprocessing = 0;
		};
		C0BFA4131BBDDE77008A7ADD /* Sources */ = {
			isa = PBXSourcesBuildPhase;
			buildActionMask = 2147483647;
			files = (
				C0BFA41C1BBDDE77008A7ADD /* Exercise5Group7Tests.m in Sources */,
			);
			runOnlyForDeploymentPostprocessing = 0;
		};
/* End PBXSourcesBuildPhase section */

/* Begin PBXTargetDependency section */
		C0BFA4191BBDDE77008A7ADD /* PBXTargetDependency */ = {
			isa = PBXTargetDependency;
			target = C0BFA3FD1BBDDE77008A7ADD /* Exercise5Group7 */;
			targetProxy = C0BFA4181BBDDE77008A7ADD /* PBXContainerItemProxy */;
		};
/* End PBXTargetDependency section */

/* Begin PBXVariantGroup section */
		C0BFA40A1BBDDE77008A7ADD /* Main.storyboard */ = {
			isa = PBXVariantGroup;
			children = (
				C0BFA40B1BBDDE77008A7ADD /* Base */,
			);
			name = Main.storyboard;
			sourceTree = "<group>";
		};
		C0BFA40F1BBDDE77008A7ADD /* LaunchScreen.storyboard */ = {
			isa = PBXVariantGroup;
			children = (
				C0BFA4101BBDDE77008A7ADD /* Base */,
			);
			name = LaunchScreen.storyboard;
			sourceTree = "<group>";
		};
/* End PBXVariantGroup section */

/* Begin XCBuildConfiguration section */
		C0BFA41E1BBDDE77008A7ADD /* Debug */ = {
			isa = XCBuildConfiguration;
			buildSettings = {
				ALWAYS_SEARCH_USER_PATHS = NO;
				CLANG_CXX_LANGUAGE_STANDARD = "gnu++0x";
				CLANG_CXX_LIBRARY = "libc++";
				CLANG_ENABLE_MODULES = YES;
				CLANG_ENABLE_OBJC_ARC = YES;
				CLANG_WARN_BOOL_CONVERSION = YES;
				CLANG_WARN_CONSTANT_CONVERSION = YES;
				CLANG_WARN_DIRECT_OBJC_ISA_USAGE = YES_ERROR;
				CLANG_WARN_EMPTY_BODY = YES;
				CLANG_WARN_ENUM_CONVERSION = YES;
				CLANG_WARN_INT_CONVERSION = YES;
				CLANG_WARN_OBJC_ROOT_CLASS = YES_ERROR;
				CLANG_WARN_UNREACHABLE_CODE = YES;
				CLANG_WARN__DUPLICATE_METHOD_MATCH = YES;
				"CODE_SIGN_IDENTITY[sdk=iphoneos*]" = "iPhone Developer";
				COPY_PHASE_STRIP = NO;
				DEBUG_INFORMATION_FORMAT = dwarf;
				ENABLE_STRICT_OBJC_MSGSEND = YES;
				ENABLE_TESTABILITY = YES;
				GCC_C_LANGUAGE_STANDARD = gnu99;
				GCC_DYNAMIC_NO_PIC = NO;
				GCC_NO_COMMON_BLOCKS = YES;
				GCC_OPTIMIZATION_LEVEL = 0;
				GCC_PREPROCESSOR_DEFINITIONS = (
					"DEBUG=1",
					"$(inherited)",
				);
				GCC_WARN_64_TO_32_BIT_CONVERSION = YES;
				GCC_WARN_ABOUT_RETURN_TYPE = YES_ERROR;
				GCC_WARN_UNDECLARED_SELECTOR = YES;
				GCC_WARN_UNINITIALIZED_AUTOS = YES_AGGRESSIVE;
				GCC_WARN_UNUSED_FUNCTION = YES;
				GCC_WARN_UNUSED_VARIABLE = YES;
				IPHONEOS_DEPLOYMENT_TARGET = 9.0;
				MTL_ENABLE_DEBUG_INFO = YES;
				ONLY_ACTIVE_ARCH = YES;
				SDKROOT = iphoneos;
			};
			name = Debug;
		};
		C0BFA41F1BBDDE77008A7ADD /* Release */ = {
			isa = XCBuildConfiguration;
			buildSettings = {
				ALWAYS_SEARCH_USER_PATHS = NO;
				CLANG_CXX_LANGUAGE_STANDARD = "gnu++0x";
				CLANG_CXX_LIBRARY = "libc++";
				CLANG_ENABLE_MODULES = YES;
				CLANG_ENABLE_OBJC_ARC = YES;
				CLANG_WARN_BOOL_CONVERSION = YES;
				CLANG_WARN_CONSTANT_CONVERSION = YES;
				CLANG_WARN_DIRECT_OBJC_ISA_USAGE = YES_ERROR;
				CLANG_WARN_EMPTY_BODY = YES;
				CLANG_WARN_ENUM_CONVERSION = YES;
				CLANG_WARN_INT_CONVERSION = YES;
				CLANG_WARN_OBJC_ROOT_CLASS = YES_ERROR;
				CLANG_WARN_UNREACHABLE_CODE = YES;
				CLANG_WARN__DUPLICATE_METHOD_MATCH = YES;
				"CODE_SIGN_IDENTITY[sdk=iphoneos*]" = "iPhone Developer";
				COPY_PHASE_STRIP = NO;
				DEBUG_INFORMATION_FORMAT = "dwarf-with-dsym";
				ENABLE_NS_ASSERTIONS = NO;
				ENABLE_STRICT_OBJC_MSGSEND = YES;
				GCC_C_LANGUAGE_STANDARD = gnu99;
				GCC_NO_COMMON_BLOCKS = YES;
				GCC_WARN_64_TO_32_BIT_CONVERSION = YES;
				GCC_WARN_ABOUT_RETURN_TYPE = YES_ERROR;
				GCC_WARN_UNDECLARED_SELECTOR = YES;
				GCC_WARN_UNINITIALIZED_AUTOS = YES_AGGRESSIVE;
				GCC_WARN_UNUSED_FUNCTION = YES;
				GCC_WARN_UNUSED_VARIABLE = YES;
				IPHONEOS_DEPLOYMENT_TARGET = 9.0;
				MTL_ENABLE_DEBUG_INFO = NO;
				SDKROOT = iphoneos;
				VALIDATE_PRODUCT = YES;
			};
			name = Release;
		};
		C0BFA4211BBDDE77008A7ADD /* Debug */ = {
			isa = XCBuildConfiguration;
			buildSettings = {
				ASSETCATALOG_COMPILER_APPICON_NAME = AppIcon;
				INFOPLIST_FILE = Exercise5Group7/Info.plist;
				LD_RUNPATH_SEARCH_PATHS = "$(inherited) @executable_path/Frameworks";
				PRODUCT_BUNDLE_IDENTIFIER = team7.Exercise5Group7;
				PRODUCT_NAME = "$(TARGET_NAME)";
			};
			name = Debug;
		};
		C0BFA4221BBDDE77008A7ADD /* Release */ = {
			isa = XCBuildConfiguration;
			buildSettings = {
				ASSETCATALOG_COMPILER_APPICON_NAME = AppIcon;
				INFOPLIST_FILE = Exercise5Group7/Info.plist;
				LD_RUNPATH_SEARCH_PATHS = "$(inherited) @executable_path/Frameworks";
				PRODUCT_BUNDLE_IDENTIFIER = team7.Exercise5Group7;
				PRODUCT_NAME = "$(TARGET_NAME)";
			};
			name = Release;
		};
		C0BFA4241BBDDE77008A7ADD /* Debug */ = {
			isa = XCBuildConfiguration;
			buildSettings = {
				BUNDLE_LOADER = "$(TEST_HOST)";
				INFOPLIST_FILE = Exercise5Group7Tests/Info.plist;
				LD_RUNPATH_SEARCH_PATHS = "$(inherited) @executable_path/Frameworks @loader_path/Frameworks";
				PRODUCT_BUNDLE_IDENTIFIER = team7.Exercise5Group7Tests;
				PRODUCT_NAME = "$(TARGET_NAME)";
				TEST_HOST = "$(BUILT_PRODUCTS_DIR)/Exercise5Group7.app/Exercise5Group7";
			};
			name = Debug;
		};
		C0BFA4251BBDDE77008A7ADD /* Release */ = {
			isa = XCBuildConfiguration;
			buildSettings = {
				BUNDLE_LOADER = "$(TEST_HOST)";
				INFOPLIST_FILE = Exercise5Group7Tests/Info.plist;
				LD_RUNPATH_SEARCH_PATHS = "$(inherited) @executable_path/Frameworks @loader_path/Frameworks";
				PRODUCT_BUNDLE_IDENTIFIER = team7.Exercise5Group7Tests;
				PRODUCT_NAME = "$(TARGET_NAME)";
				TEST_HOST = "$(BUILT_PRODUCTS_DIR)/Exercise5Group7.app/Exercise5Group7";
			};
			name = Release;
		};
/* End XCBuildConfiguration section */

/* Begin XCConfigurationList section */
		C0BFA3F91BBDDE77008A7ADD /* Build configuration list for PBXProject "Exercise5Group7" */ = {
			isa = XCConfigurationList;
			buildConfigurations = (
				C0BFA41E1BBDDE77008A7ADD /* Debug */,
				C0BFA41F1BBDDE77008A7ADD /* Release */,
			);
			defaultConfigurationIsVisible = 0;
			defaultConfigurationName = Release;
		};
		C0BFA4201BBDDE77008A7ADD /* Build configuration list for PBXNativeTarget "Exercise5Group7" */ = {
			isa = XCConfigurationList;
			buildConfigurations = (
				C0BFA4211BBDDE77008A7ADD /* Debug */,
				C0BFA4221BBDDE77008A7ADD /* Release */,
			);
			defaultConfigurationIsVisible = 0;
		};
		C0BFA4231BBDDE77008A7ADD /* Build configuration list for PBXNativeTarget "Exercise5Group7Tests" */ = {
			isa = XCConfigurationList;
			buildConfigurations = (
				C0BFA4241BBDDE77008A7ADD /* Debug */,
				C0BFA4251BBDDE77008A7ADD /* Release */,
			);
			defaultConfigurationIsVisible = 0;
		};
/* End XCConfigurationList section */
	};
	rootObject = C0BFA3F61BBDDE77008A7ADD /* Project object */;
}
