// !$*UTF8*$!
{
	archiveVersion = 1;
	classes = {
	};
	objectVersion = 46;
	objects = {

/* Begin PBXBuildFile section */
		9038A1211BC70A64002D3691 /* main.m in Sources */ = {isa = PBXBuildFile; fileRef = 9038A1201BC70A64002D3691 /* main.m */; };
		9038A1241BC70A64002D3691 /* AppDelegate.m in Sources */ = {isa = PBXBuildFile; fileRef = 9038A1231BC70A64002D3691 /* AppDelegate.m */; };
		9038A1271BC70A64002D3691 /* ViewController.m in Sources */ = {isa = PBXBuildFile; fileRef = 9038A1261BC70A64002D3691 /* ViewController.m */; };
		9038A12D1BC70A64002D3691 /* ShareThought.xcdatamodeld in Sources */ = {isa = PBXBuildFile; fileRef = 9038A12B1BC70A64002D3691 /* ShareThought.xcdatamodeld */; };
		9038A12F1BC70A64002D3691 /* Assets.xcassets in Resources */ = {isa = PBXBuildFile; fileRef = 9038A12E1BC70A64002D3691 /* Assets.xcassets */; };
		9038A13D1BC70A64002D3691 /* ShareThoughtTests.m in Sources */ = {isa = PBXBuildFile; fileRef = 9038A13C1BC70A64002D3691 /* ShareThoughtTests.m */; };
		9038A1481BC70BD7002D3691 /* iPhone.storyboard in Resources */ = {isa = PBXBuildFile; fileRef = 9038A1471BC70BD7002D3691 /* iPhone.storyboard */; };
		9038A14A1BC70BE5002D3691 /* iPad.storyboard in Resources */ = {isa = PBXBuildFile; fileRef = 9038A1491BC70BE5002D3691 /* iPad.storyboard */; };
		907F00421BC99ED7000759CD /* RegistrationViewController.m in Sources */ = {isa = PBXBuildFile; fileRef = 907F00411BC99ED7000759CD /* RegistrationViewController.m */; };
		907F00491BC9BE79000759CD /* User.m in Sources */ = {isa = PBXBuildFile; fileRef = 907F00481BC9BE79000759CD /* User.m */; };
		907F004D1BCC45E1000759CD /* ProfileViewController.m in Sources */ = {isa = PBXBuildFile; fileRef = 907F004C1BCC45E1000759CD /* ProfileViewController.m */; };
		90A0BA5E1BE1B5E50000BF86 /* SharethoughtLogoSlim.png in Resources */ = {isa = PBXBuildFile; fileRef = 90A0BA5D1BE1B5E50000BF86 /* SharethoughtLogoSlim.png */; };
		90A0BA601BE26ACA0000BF86 /* arrowRightCircle.png in Resources */ = {isa = PBXBuildFile; fileRef = 90A0BA5F1BE26ACA0000BF86 /* arrowRightCircle.png */; };
		90A0BA621BE26C1D0000BF86 /* arrowLeftCircle.png in Resources */ = {isa = PBXBuildFile; fileRef = 90A0BA611BE26C1D0000BF86 /* arrowLeftCircle.png */; };
		90A0BA651BE274F50000BF86 /* NavPageViewController.m in Sources */ = {isa = PBXBuildFile; fileRef = 90A0BA641BE274F50000BF86 /* NavPageViewController.m */; };
		A750FE2F3312385B2F920D3A /* Pods_ShareThought.framework in Frameworks */ = {isa = PBXBuildFile; fileRef = B8139ED5CD767B46B4416A37 /* Pods_ShareThought.framework */; };
		C0084D8D1BD9FFD500727B08 /* hoh-rain-forest-olympic-national-park_51546_990x742.jpg in Resources */ = {isa = PBXBuildFile; fileRef = C0084D8C1BD9FFD500727B08 /* hoh-rain-forest-olympic-national-park_51546_990x742.jpg */; };
		C0084D901BDA12CF00727B08 /* QuartzCore.framework in Frameworks */ = {isa = PBXBuildFile; fileRef = C0084D8F1BDA12CF00727B08 /* QuartzCore.framework */; };
		C0ACAB9E1BCC89D50009386F /* NetworkManager.m in Sources */ = {isa = PBXBuildFile; fileRef = C0ACAB9D1BCC89D50009386F /* NetworkManager.m */; };
		C0BDC1FA1BD9C19C002B0884 /* Launch Screen.storyboard in Resources */ = {isa = PBXBuildFile; fileRef = C0BDC1F91BD9C19C002B0884 /* Launch Screen.storyboard */; };
		C0BDC2051BD9C2C2002B0884 /* addIconBlack.png in Resources */ = {isa = PBXBuildFile; fileRef = C0BDC1FC1BD9C2C2002B0884 /* addIconBlack.png */; };
		C0BDC2061BD9C2C2002B0884 /* addIconFlat.png in Resources */ = {isa = PBXBuildFile; fileRef = C0BDC1FD1BD9C2C2002B0884 /* addIconFlat.png */; };
		C0BDC2071BD9C2C2002B0884 /* Button-Add-icon.png in Resources */ = {isa = PBXBuildFile; fileRef = C0BDC1FE1BD9C2C2002B0884 /* Button-Add-icon.png */; };
		C0BDC2081BD9C2C2002B0884 /* chat-icon.png in Resources */ = {isa = PBXBuildFile; fileRef = C0BDC1FF1BD9C2C2002B0884 /* chat-icon.png */; };
		C0BDC2091BD9C2C2002B0884 /* fs-floppy.png in Resources */ = {isa = PBXBuildFile; fileRef = C0BDC2001BD9C2C2002B0884 /* fs-floppy.png */; };
		C0BDC20A1BD9C2C2002B0884 /* Save As-128.png in Resources */ = {isa = PBXBuildFile; fileRef = C0BDC2011BD9C2C2002B0884 /* Save As-128.png */; };
		C0BDC20B1BD9C2C2002B0884 /* save.png in Resources */ = {isa = PBXBuildFile; fileRef = C0BDC2021BD9C2C2002B0884 /* save.png */; };
		C0BDC20C1BD9C2C2002B0884 /* SharethoughtLogo.png in Resources */ = {isa = PBXBuildFile; fileRef = C0BDC2031BD9C2C2002B0884 /* SharethoughtLogo.png */; };
		C0BDC20D1BD9C2C2002B0884 /* UserIcon.png in Resources */ = {isa = PBXBuildFile; fileRef = C0BDC2041BD9C2C2002B0884 /* UserIcon.png */; };
		D3E493F11BDEDCFC00A45021 /* LoginViewController.m in Sources */ = {isa = PBXBuildFile; fileRef = D3E493F01BDEDCFC00A45021 /* LoginViewController.m */; };
		D3E493F41BDF235B00A45021 /* NSString+StringVerification.m in Sources */ = {isa = PBXBuildFile; fileRef = D3E493F31BDF235B00A45021 /* NSString+StringVerification.m */; };
/* End PBXBuildFile section */

/* Begin PBXContainerItemProxy section */
		9038A1391BC70A64002D3691 /* PBXContainerItemProxy */ = {
			isa = PBXContainerItemProxy;
			containerPortal = 9038A1141BC70A64002D3691 /* Project object */;
			proxyType = 1;
			remoteGlobalIDString = 9038A11B1BC70A64002D3691;
			remoteInfo = ShareThought;
		};
/* End PBXContainerItemProxy section */

/* Begin PBXFileReference section */
		1CD2DEAFABA5C3EF8CAC6152 /* Pods-ShareThought.debug.xcconfig */ = {isa = PBXFileReference; includeInIndex = 1; lastKnownFileType = text.xcconfig; name = "Pods-ShareThought.debug.xcconfig"; path = "Pods/Target Support Files/Pods-ShareThought/Pods-ShareThought.debug.xcconfig"; sourceTree = "<group>"; };
		470FD256531612FD0DF9B34B /* Pods-ShareThought.release.xcconfig */ = {isa = PBXFileReference; includeInIndex = 1; lastKnownFileType = text.xcconfig; name = "Pods-ShareThought.release.xcconfig"; path = "Pods/Target Support Files/Pods-ShareThought/Pods-ShareThought.release.xcconfig"; sourceTree = "<group>"; };
		9038A11C1BC70A64002D3691 /* ShareThought.app */ = {isa = PBXFileReference; explicitFileType = wrapper.application; includeInIndex = 0; path = ShareThought.app; sourceTree = BUILT_PRODUCTS_DIR; };
		9038A1201BC70A64002D3691 /* main.m */ = {isa = PBXFileReference; lastKnownFileType = sourcecode.c.objc; path = main.m; sourceTree = "<group>"; };
		9038A1221BC70A64002D3691 /* AppDelegate.h */ = {isa = PBXFileReference; lastKnownFileType = sourcecode.c.h; path = AppDelegate.h; sourceTree = "<group>"; };
		9038A1231BC70A64002D3691 /* AppDelegate.m */ = {isa = PBXFileReference; lastKnownFileType = sourcecode.c.objc; path = AppDelegate.m; sourceTree = "<group>"; };
		9038A1251BC70A64002D3691 /* ViewController.h */ = {isa = PBXFileReference; lastKnownFileType = sourcecode.c.h; path = ViewController.h; sourceTree = "<group>"; };
		9038A1261BC70A64002D3691 /* ViewController.m */ = {isa = PBXFileReference; lastKnownFileType = sourcecode.c.objc; path = ViewController.m; sourceTree = "<group>"; };
		9038A12C1BC70A64002D3691 /* ShareThought.xcdatamodel */ = {isa = PBXFileReference; lastKnownFileType = wrapper.xcdatamodel; path = ShareThought.xcdatamodel; sourceTree = "<group>"; };
		9038A12E1BC70A64002D3691 /* Assets.xcassets */ = {isa = PBXFileReference; lastKnownFileType = folder.assetcatalog; path = Assets.xcassets; sourceTree = "<group>"; };
		9038A1331BC70A64002D3691 /* Info.plist */ = {isa = PBXFileReference; lastKnownFileType = text.plist.xml; path = Info.plist; sourceTree = "<group>"; };
		9038A1381BC70A64002D3691 /* ShareThoughtTests.xctest */ = {isa = PBXFileReference; explicitFileType = wrapper.cfbundle; includeInIndex = 0; path = ShareThoughtTests.xctest; sourceTree = BUILT_PRODUCTS_DIR; };
		9038A13C1BC70A64002D3691 /* ShareThoughtTests.m */ = {isa = PBXFileReference; lastKnownFileType = sourcecode.c.objc; path = ShareThoughtTests.m; sourceTree = "<group>"; };
		9038A13E1BC70A64002D3691 /* Info.plist */ = {isa = PBXFileReference; lastKnownFileType = text.plist.xml; path = Info.plist; sourceTree = "<group>"; };
		9038A1471BC70BD7002D3691 /* iPhone.storyboard */ = {isa = PBXFileReference; fileEncoding = 4; lastKnownFileType = file.storyboard; path = iPhone.storyboard; sourceTree = "<group>"; };
		9038A1491BC70BE5002D3691 /* iPad.storyboard */ = {isa = PBXFileReference; fileEncoding = 4; lastKnownFileType = file.storyboard; path = iPad.storyboard; sourceTree = "<group>"; };
		907F00401BC99ED7000759CD /* RegistrationViewController.h */ = {isa = PBXFileReference; fileEncoding = 4; lastKnownFileType = sourcecode.c.h; path = RegistrationViewController.h; sourceTree = "<group>"; };
		907F00411BC99ED7000759CD /* RegistrationViewController.m */ = {isa = PBXFileReference; fileEncoding = 4; lastKnownFileType = sourcecode.c.objc; path = RegistrationViewController.m; sourceTree = "<group>"; };
		907F00481BC9BE79000759CD /* User.m */ = {isa = PBXFileReference; fileEncoding = 4; lastKnownFileType = sourcecode.c.objc; path = User.m; sourceTree = "<group>"; };
		907F004A1BC9BE8B000759CD /* User.h */ = {isa = PBXFileReference; lastKnownFileType = sourcecode.c.h; path = User.h; sourceTree = "<group>"; };
		907F004B1BCC45E1000759CD /* ProfileViewController.h */ = {isa = PBXFileReference; fileEncoding = 4; lastKnownFileType = sourcecode.c.h; path = ProfileViewController.h; sourceTree = "<group>"; };
		907F004C1BCC45E1000759CD /* ProfileViewController.m */ = {isa = PBXFileReference; fileEncoding = 4; lastKnownFileType = sourcecode.c.objc; path = ProfileViewController.m; sourceTree = "<group>"; };
		90A0BA5D1BE1B5E50000BF86 /* SharethoughtLogoSlim.png */ = {isa = PBXFileReference; lastKnownFileType = image.png; path = SharethoughtLogoSlim.png; sourceTree = "<group>"; };
		90A0BA5F1BE26ACA0000BF86 /* arrowRightCircle.png */ = {isa = PBXFileReference; lastKnownFileType = image.png; path = arrowRightCircle.png; sourceTree = "<group>"; };
		90A0BA611BE26C1D0000BF86 /* arrowLeftCircle.png */ = {isa = PBXFileReference; lastKnownFileType = image.png; path = arrowLeftCircle.png; sourceTree = "<group>"; };
		90A0BA631BE274F50000BF86 /* NavPageViewController.h */ = {isa = PBXFileReference; fileEncoding = 4; lastKnownFileType = sourcecode.c.h; path = NavPageViewController.h; sourceTree = "<group>"; };
		90A0BA641BE274F50000BF86 /* NavPageViewController.m */ = {isa = PBXFileReference; fileEncoding = 4; lastKnownFileType = sourcecode.c.objc; path = NavPageViewController.m; sourceTree = "<group>"; };
		B8139ED5CD767B46B4416A37 /* Pods_ShareThought.framework */ = {isa = PBXFileReference; explicitFileType = wrapper.framework; includeInIndex = 0; path = Pods_ShareThought.framework; sourceTree = BUILT_PRODUCTS_DIR; };
		C0084D8C1BD9FFD500727B08 /* hoh-rain-forest-olympic-national-park_51546_990x742.jpg */ = {isa = PBXFileReference; lastKnownFileType = image.jpeg; path = "hoh-rain-forest-olympic-national-park_51546_990x742.jpg"; sourceTree = "<group>"; };
		C0084D8E1BDA0B5400727B08 /* BackgroundBlurEffect.h */ = {isa = PBXFileReference; fileEncoding = 4; lastKnownFileType = sourcecode.c.h; path = BackgroundBlurEffect.h; sourceTree = "<group>"; };
		C0084D8F1BDA12CF00727B08 /* QuartzCore.framework */ = {isa = PBXFileReference; lastKnownFileType = wrapper.framework; name = QuartzCore.framework; path = System/Library/Frameworks/QuartzCore.framework; sourceTree = SDKROOT; };
		C0ACAB9C1BCC89D50009386F /* NetworkManager.h */ = {isa = PBXFileReference; fileEncoding = 4; lastKnownFileType = sourcecode.c.h; name = NetworkManager.h; path = Networking/NetworkManager.h; sourceTree = "<group>"; };
		C0ACAB9D1BCC89D50009386F /* NetworkManager.m */ = {isa = PBXFileReference; fileEncoding = 4; lastKnownFileType = sourcecode.c.objc; name = NetworkManager.m; path = Networking/NetworkManager.m; sourceTree = "<group>"; };
		C0B58F5F1BD5AE2900A03203 /* Packet.h */ = {isa = PBXFileReference; fileEncoding = 4; lastKnownFileType = sourcecode.c.h; name = Packet.h; path = Networking/Packet.h; sourceTree = "<group>"; };
		C0BDC1F91BD9C19C002B0884 /* Launch Screen.storyboard */ = {isa = PBXFileReference; fileEncoding = 4; lastKnownFileType = file.storyboard; path = "Launch Screen.storyboard"; sourceTree = "<group>"; };
		C0BDC1FC1BD9C2C2002B0884 /* addIconBlack.png */ = {isa = PBXFileReference; lastKnownFileType = image.png; name = addIconBlack.png; path = "Bundle Resources/addIconBlack.png"; sourceTree = "<group>"; };
		C0BDC1FD1BD9C2C2002B0884 /* addIconFlat.png */ = {isa = PBXFileReference; lastKnownFileType = image.png; name = addIconFlat.png; path = "Bundle Resources/addIconFlat.png"; sourceTree = "<group>"; };
		C0BDC1FE1BD9C2C2002B0884 /* Button-Add-icon.png */ = {isa = PBXFileReference; lastKnownFileType = image.png; name = "Button-Add-icon.png"; path = "Bundle Resources/Button-Add-icon.png"; sourceTree = "<group>"; };
		C0BDC1FF1BD9C2C2002B0884 /* chat-icon.png */ = {isa = PBXFileReference; lastKnownFileType = image.png; name = "chat-icon.png"; path = "Bundle Resources/chat-icon.png"; sourceTree = "<group>"; };
		C0BDC2001BD9C2C2002B0884 /* fs-floppy.png */ = {isa = PBXFileReference; lastKnownFileType = image.png; name = "fs-floppy.png"; path = "Bundle Resources/fs-floppy.png"; sourceTree = "<group>"; };
		C0BDC2011BD9C2C2002B0884 /* Save As-128.png */ = {isa = PBXFileReference; lastKnownFileType = image.png; name = "Save As-128.png"; path = "Bundle Resources/Save As-128.png"; sourceTree = "<group>"; };
		C0BDC2021BD9C2C2002B0884 /* save.png */ = {isa = PBXFileReference; lastKnownFileType = image.png; name = save.png; path = "Bundle Resources/save.png"; sourceTree = "<group>"; };
		C0BDC2031BD9C2C2002B0884 /* SharethoughtLogo.png */ = {isa = PBXFileReference; lastKnownFileType = image.png; name = SharethoughtLogo.png; path = "Bundle Resources/SharethoughtLogo.png"; sourceTree = "<group>"; };
		C0BDC2041BD9C2C2002B0884 /* UserIcon.png */ = {isa = PBXFileReference; lastKnownFileType = image.png; name = UserIcon.png; path = "Bundle Resources/UserIcon.png"; sourceTree = "<group>"; };
		D3E493EF1BDEDCFC00A45021 /* LoginViewController.h */ = {isa = PBXFileReference; fileEncoding = 4; lastKnownFileType = sourcecode.c.h; path = LoginViewController.h; sourceTree = "<group>"; };
		D3E493F01BDEDCFC00A45021 /* LoginViewController.m */ = {isa = PBXFileReference; fileEncoding = 4; lastKnownFileType = sourcecode.c.objc; path = LoginViewController.m; sourceTree = "<group>"; };
		D3E493F21BDF235B00A45021 /* NSString+StringVerification.h */ = {isa = PBXFileReference; fileEncoding = 4; lastKnownFileType = sourcecode.c.h; path = "NSString+StringVerification.h"; sourceTree = "<group>"; };
		D3E493F31BDF235B00A45021 /* NSString+StringVerification.m */ = {isa = PBXFileReference; fileEncoding = 4; lastKnownFileType = sourcecode.c.objc; path = "NSString+StringVerification.m"; sourceTree = "<group>"; };
/* End PBXFileReference section */

/* Begin PBXFrameworksBuildPhase section */
		9038A1191BC70A64002D3691 /* Frameworks */ = {
			isa = PBXFrameworksBuildPhase;
			buildActionMask = 2147483647;
			files = (
				C0084D901BDA12CF00727B08 /* QuartzCore.framework in Frameworks */,
				A750FE2F3312385B2F920D3A /* Pods_ShareThought.framework in Frameworks */,
			);
			runOnlyForDeploymentPostprocessing = 0;
		};
		9038A1351BC70A64002D3691 /* Frameworks */ = {
			isa = PBXFrameworksBuildPhase;
			buildActionMask = 2147483647;
			files = (
			);
			runOnlyForDeploymentPostprocessing = 0;
		};
/* End PBXFrameworksBuildPhase section */

/* Begin PBXGroup section */
		2FC48823B55F62054DC503FA /* Frameworks */ = {
			isa = PBXGroup;
			children = (
				C0084D8F1BDA12CF00727B08 /* QuartzCore.framework */,
				B8139ED5CD767B46B4416A37 /* Pods_ShareThought.framework */,
			);
			name = Frameworks;
			sourceTree = "<group>";
		};
		9038A1131BC70A64002D3691 = {
			isa = PBXGroup;
			children = (
				9038A11E1BC70A64002D3691 /* ShareThought */,
				9038A13B1BC70A64002D3691 /* ShareThoughtTests */,
				9038A11D1BC70A64002D3691 /* Products */,
				D01DA9ECAD71BE1E6B646CD8 /* Pods */,
				2FC48823B55F62054DC503FA /* Frameworks */,
			);
			sourceTree = "<group>";
		};
		9038A11D1BC70A64002D3691 /* Products */ = {
			isa = PBXGroup;
			children = (
				9038A11C1BC70A64002D3691 /* ShareThought.app */,
				9038A1381BC70A64002D3691 /* ShareThoughtTests.xctest */,
			);
			name = Products;
			sourceTree = "<group>";
		};
		9038A11E1BC70A64002D3691 /* ShareThought */ = {
			isa = PBXGroup;
			children = (
				C0BDC1FB1BD9C28F002B0884 /* Bundle Resources */,
				9038A1221BC70A64002D3691 /* AppDelegate.h */,
				9038A1231BC70A64002D3691 /* AppDelegate.m */,
				9038A1251BC70A64002D3691 /* ViewController.h */,
				9038A1261BC70A64002D3691 /* ViewController.m */,
				C0084D8E1BDA0B5400727B08 /* BackgroundBlurEffect.h */,
				9038A12E1BC70A64002D3691 /* Assets.xcassets */,
				9038A1331BC70A64002D3691 /* Info.plist */,
				9038A12B1BC70A64002D3691 /* ShareThought.xcdatamodeld */,
				9038A11F1BC70A64002D3691 /* Supporting Files */,
				9038A1471BC70BD7002D3691 /* iPhone.storyboard */,
				9038A1491BC70BE5002D3691 /* iPad.storyboard */,
				C0BDC1F91BD9C19C002B0884 /* Launch Screen.storyboard */,
				D3E493EF1BDEDCFC00A45021 /* LoginViewController.h */,
				D3E493F01BDEDCFC00A45021 /* LoginViewController.m */,
				90A0BA631BE274F50000BF86 /* NavPageViewController.h */,
				90A0BA641BE274F50000BF86 /* NavPageViewController.m */,
				D3E493F21BDF235B00A45021 /* NSString+StringVerification.h */,
				D3E493F31BDF235B00A45021 /* NSString+StringVerification.m */,
				907F004B1BCC45E1000759CD /* ProfileViewController.h */,
				907F004C1BCC45E1000759CD /* ProfileViewController.m */,
				907F00401BC99ED7000759CD /* RegistrationViewController.h */,
				907F00411BC99ED7000759CD /* RegistrationViewController.m */,
				907F004A1BC9BE8B000759CD /* User.h */,
				907F00481BC9BE79000759CD /* User.m */,
				C0ACAB9B1BCC89BA0009386F /* Networking */,
			);
			path = ShareThought;
			sourceTree = "<group>";
		};
		9038A11F1BC70A64002D3691 /* Supporting Files */ = {
			isa = PBXGroup;
			children = (
				9038A1201BC70A64002D3691 /* main.m */,
			);
			name = "Supporting Files";
			sourceTree = "<group>";
		};
		9038A13B1BC70A64002D3691 /* ShareThoughtTests */ = {
			isa = PBXGroup;
			children = (
				9038A13C1BC70A64002D3691 /* ShareThoughtTests.m */,
				9038A13E1BC70A64002D3691 /* Info.plist */,
			);
			path = ShareThoughtTests;
			sourceTree = "<group>";
		};
		C0ACAB9B1BCC89BA0009386F /* Networking */ = {
			isa = PBXGroup;
			children = (
				C0ACAB9C1BCC89D50009386F /* NetworkManager.h */,
				C0ACAB9D1BCC89D50009386F /* NetworkManager.m */,
				C0B58F5F1BD5AE2900A03203 /* Packet.h */,
			);
			name = Networking;
			sourceTree = "<group>";
		};
		C0BDC1FB1BD9C28F002B0884 /* Bundle Resources */ = {
			isa = PBXGroup;
			children = (
				90A0BA611BE26C1D0000BF86 /* arrowLeftCircle.png */,
				90A0BA5F1BE26ACA0000BF86 /* arrowRightCircle.png */,
				C0084D8C1BD9FFD500727B08 /* hoh-rain-forest-olympic-national-park_51546_990x742.jpg */,
				C0BDC1FC1BD9C2C2002B0884 /* addIconBlack.png */,
				90A0BA5D1BE1B5E50000BF86 /* SharethoughtLogoSlim.png */,
				C0BDC1FD1BD9C2C2002B0884 /* addIconFlat.png */,
				C0BDC1FE1BD9C2C2002B0884 /* Button-Add-icon.png */,
				C0BDC1FF1BD9C2C2002B0884 /* chat-icon.png */,
				C0BDC2001BD9C2C2002B0884 /* fs-floppy.png */,
				C0BDC2011BD9C2C2002B0884 /* Save As-128.png */,
				C0BDC2021BD9C2C2002B0884 /* save.png */,
				C0BDC2031BD9C2C2002B0884 /* SharethoughtLogo.png */,
				C0BDC2041BD9C2C2002B0884 /* UserIcon.png */,
			);
			name = "Bundle Resources";
			sourceTree = "<group>";
		};
		D01DA9ECAD71BE1E6B646CD8 /* Pods */ = {
			isa = PBXGroup;
			children = (
				1CD2DEAFABA5C3EF8CAC6152 /* Pods-ShareThought.debug.xcconfig */,
				470FD256531612FD0DF9B34B /* Pods-ShareThought.release.xcconfig */,
			);
			name = Pods;
			sourceTree = "<group>";
		};
/* End PBXGroup section */

/* Begin PBXNativeTarget section */
		9038A11B1BC70A64002D3691 /* ShareThought */ = {
			isa = PBXNativeTarget;
			buildConfigurationList = 9038A1411BC70A64002D3691 /* Build configuration list for PBXNativeTarget "ShareThought" */;
			buildPhases = (
				5F220EF8D9F9D6007155D225 /* Check Pods Manifest.lock */,
				9038A1181BC70A64002D3691 /* Sources */,
				9038A1191BC70A64002D3691 /* Frameworks */,
				9038A11A1BC70A64002D3691 /* Resources */,
				339638198EF75BC9DEE2FA6B /* Embed Pods Frameworks */,
				C1E9E8AECF647D5CE1B5EDD2 /* Copy Pods Resources */,
			);
			buildRules = (
			);
			dependencies = (
			);
			name = ShareThought;
			productName = ShareThought;
			productReference = 9038A11C1BC70A64002D3691 /* ShareThought.app */;
			productType = "com.apple.product-type.application";
		};
		9038A1371BC70A64002D3691 /* ShareThoughtTests */ = {
			isa = PBXNativeTarget;
			buildConfigurationList = 9038A1441BC70A64002D3691 /* Build configuration list for PBXNativeTarget "ShareThoughtTests" */;
			buildPhases = (
				9038A1341BC70A64002D3691 /* Sources */,
				9038A1351BC70A64002D3691 /* Frameworks */,
				9038A1361BC70A64002D3691 /* Resources */,
			);
			buildRules = (
			);
			dependencies = (
				9038A13A1BC70A64002D3691 /* PBXTargetDependency */,
			);
			name = ShareThoughtTests;
			productName = ShareThoughtTests;
			productReference = 9038A1381BC70A64002D3691 /* ShareThoughtTests.xctest */;
			productType = "com.apple.product-type.bundle.unit-test";
		};
/* End PBXNativeTarget section */

/* Begin PBXProject section */
		9038A1141BC70A64002D3691 /* Project object */ = {
			isa = PBXProject;
			attributes = {
				LastUpgradeCheck = 0700;
				ORGANIZATIONNAME = Team7;
				TargetAttributes = {
					9038A11B1BC70A64002D3691 = {
						CreatedOnToolsVersion = 7.0.1;
						DevelopmentTeam = TY38WX2KB9;
					};
					9038A1371BC70A64002D3691 = {
						CreatedOnToolsVersion = 7.0.1;
						TestTargetID = 9038A11B1BC70A64002D3691;
					};
				};
			};
			buildConfigurationList = 9038A1171BC70A64002D3691 /* Build configuration list for PBXProject "ShareThought" */;
			compatibilityVersion = "Xcode 3.2";
			developmentRegion = English;
			hasScannedForEncodings = 0;
			knownRegions = (
				en,
				Base,
			);
			mainGroup = 9038A1131BC70A64002D3691;
			productRefGroup = 9038A11D1BC70A64002D3691 /* Products */;
			projectDirPath = "";
			projectRoot = "";
			targets = (
				9038A11B1BC70A64002D3691 /* ShareThought */,
				9038A1371BC70A64002D3691 /* ShareThoughtTests */,
			);
		};
/* End PBXProject section */

/* Begin PBXResourcesBuildPhase section */
		9038A11A1BC70A64002D3691 /* Resources */ = {
			isa = PBXResourcesBuildPhase;
			buildActionMask = 2147483647;
			files = (
				9038A12F1BC70A64002D3691 /* Assets.xcassets in Resources */,
				C0BDC2071BD9C2C2002B0884 /* Button-Add-icon.png in Resources */,
				90A0BA601BE26ACA0000BF86 /* arrowRightCircle.png in Resources */,
				9038A14A1BC70BE5002D3691 /* iPad.storyboard in Resources */,
				90A0BA621BE26C1D0000BF86 /* arrowLeftCircle.png in Resources */,
				C0BDC1FA1BD9C19C002B0884 /* Launch Screen.storyboard in Resources */,
				C0BDC2061BD9C2C2002B0884 /* addIconFlat.png in Resources */,
				C0BDC20A1BD9C2C2002B0884 /* Save As-128.png in Resources */,
				C0084D8D1BD9FFD500727B08 /* hoh-rain-forest-olympic-national-park_51546_990x742.jpg in Resources */,
				C0BDC20D1BD9C2C2002B0884 /* UserIcon.png in Resources */,
				C0BDC20B1BD9C2C2002B0884 /* save.png in Resources */,
				C0BDC2051BD9C2C2002B0884 /* addIconBlack.png in Resources */,
				C0BDC2091BD9C2C2002B0884 /* fs-floppy.png in Resources */,
				C0BDC2081BD9C2C2002B0884 /* chat-icon.png in Resources */,
				C0BDC20C1BD9C2C2002B0884 /* SharethoughtLogo.png in Resources */,
				9038A1481BC70BD7002D3691 /* iPhone.storyboard in Resources */,
				90A0BA5E1BE1B5E50000BF86 /* SharethoughtLogoSlim.png in Resources */,
			);
			runOnlyForDeploymentPostprocessing = 0;
		};
		9038A1361BC70A64002D3691 /* Resources */ = {
			isa = PBXResourcesBuildPhase;
			buildActionMask = 2147483647;
			files = (
			);
			runOnlyForDeploymentPostprocessing = 0;
		};
/* End PBXResourcesBuildPhase section */

/* Begin PBXShellScriptBuildPhase section */
		339638198EF75BC9DEE2FA6B /* Embed Pods Frameworks */ = {
			isa = PBXShellScriptBuildPhase;
			buildActionMask = 2147483647;
			files = (
			);
			inputPaths = (
			);
			name = "Embed Pods Frameworks";
			outputPaths = (
			);
			runOnlyForDeploymentPostprocessing = 0;
			shellPath = /bin/sh;
			shellScript = "\"${SRCROOT}/Pods/Target Support Files/Pods-ShareThought/Pods-ShareThought-frameworks.sh\"\n";
			showEnvVarsInLog = 0;
		};
		5F220EF8D9F9D6007155D225 /* Check Pods Manifest.lock */ = {
			isa = PBXShellScriptBuildPhase;
			buildActionMask = 2147483647;
			files = (
			);
			inputPaths = (
			);
			name = "Check Pods Manifest.lock";
			outputPaths = (
			);
			runOnlyForDeploymentPostprocessing = 0;
			shellPath = /bin/sh;
			shellScript = "diff \"${PODS_ROOT}/../Podfile.lock\" \"${PODS_ROOT}/Manifest.lock\" > /dev/null\nif [[ $? != 0 ]] ; then\n    cat << EOM\nerror: The sandbox is not in sync with the Podfile.lock. Run 'pod install' or update your CocoaPods installation.\nEOM\n    exit 1\nfi\n";
			showEnvVarsInLog = 0;
		};
		C1E9E8AECF647D5CE1B5EDD2 /* Copy Pods Resources */ = {
			isa = PBXShellScriptBuildPhase;
			buildActionMask = 2147483647;
			files = (
			);
			inputPaths = (
			);
			name = "Copy Pods Resources";
			outputPaths = (
			);
			runOnlyForDeploymentPostprocessing = 0;
			shellPath = /bin/sh;
			shellScript = "\"${SRCROOT}/Pods/Target Support Files/Pods-ShareThought/Pods-ShareThought-resources.sh\"\n";
			showEnvVarsInLog = 0;
		};
/* End PBXShellScriptBuildPhase section */

/* Begin PBXSourcesBuildPhase section */
		9038A1181BC70A64002D3691 /* Sources */ = {
			isa = PBXSourcesBuildPhase;
			buildActionMask = 2147483647;
			files = (
				C0ACAB9E1BCC89D50009386F /* NetworkManager.m in Sources */,
				D3E493F41BDF235B00A45021 /* NSString+StringVerification.m in Sources */,
				9038A1271BC70A64002D3691 /* ViewController.m in Sources */,
				907F00491BC9BE79000759CD /* User.m in Sources */,
				907F004D1BCC45E1000759CD /* ProfileViewController.m in Sources */,
				907F00421BC99ED7000759CD /* RegistrationViewController.m in Sources */,
				90A0BA651BE274F50000BF86 /* NavPageViewController.m in Sources */,
				D3E493F11BDEDCFC00A45021 /* LoginViewController.m in Sources */,
				9038A1241BC70A64002D3691 /* AppDelegate.m in Sources */,
				9038A1211BC70A64002D3691 /* main.m in Sources */,
				9038A12D1BC70A64002D3691 /* ShareThought.xcdatamodeld in Sources */,
			);
			runOnlyForDeploymentPostprocessing = 0;
		};
		9038A1341BC70A64002D3691 /* Sources */ = {
			isa = PBXSourcesBuildPhase;
			buildActionMask = 2147483647;
			files = (
				9038A13D1BC70A64002D3691 /* ShareThoughtTests.m in Sources */,
			);
			runOnlyForDeploymentPostprocessing = 0;
		};
/* End PBXSourcesBuildPhase section */

/* Begin PBXTargetDependency section */
		9038A13A1BC70A64002D3691 /* PBXTargetDependency */ = {
			isa = PBXTargetDependency;
			target = 9038A11B1BC70A64002D3691 /* ShareThought */;
			targetProxy = 9038A1391BC70A64002D3691 /* PBXContainerItemProxy */;
		};
/* End PBXTargetDependency section */

/* Begin XCBuildConfiguration section */
		9038A13F1BC70A64002D3691 /* Debug */ = {
			isa = XCBuildConfiguration;
			buildSettings = {
				ALWAYS_SEARCH_USER_PATHS = NO;
				CLANG_CXX_LANGUAGE_STANDARD = "gnu++0x";
				CLANG_CXX_LIBRARY = "libc++";
				CLANG_ENABLE_MODULES = YES;
				CLANG_ENABLE_OBJC_ARC = YES;
				CLANG_WARN_BOOL_CONVERSION = YES;
				CLANG_WARN_CONSTANT_CONVERSION = YES;
				CLANG_WARN_DIRECT_OBJC_ISA_USAGE = YES_ERROR;
				CLANG_WARN_EMPTY_BODY = YES;
				CLANG_WARN_ENUM_CONVERSION = YES;
				CLANG_WARN_INT_CONVERSION = YES;
				CLANG_WARN_OBJC_ROOT_CLASS = YES_ERROR;
				CLANG_WARN_UNREACHABLE_CODE = YES;
				CLANG_WARN__DUPLICATE_METHOD_MATCH = YES;
				"CODE_SIGN_IDENTITY[sdk=iphoneos*]" = "iPhone Developer";
				COPY_PHASE_STRIP = NO;
				DEBUG_INFORMATION_FORMAT = dwarf;
				ENABLE_STRICT_OBJC_MSGSEND = YES;
				ENABLE_TESTABILITY = YES;
				GCC_C_LANGUAGE_STANDARD = gnu99;
				GCC_DYNAMIC_NO_PIC = NO;
				GCC_NO_COMMON_BLOCKS = YES;
				GCC_OPTIMIZATION_LEVEL = 0;
				GCC_PREPROCESSOR_DEFINITIONS = (
					"DEBUG=1",
					"$(inherited)",
				);
				GCC_WARN_64_TO_32_BIT_CONVERSION = YES;
				GCC_WARN_ABOUT_RETURN_TYPE = YES_ERROR;
				GCC_WARN_UNDECLARED_SELECTOR = YES;
				GCC_WARN_UNINITIALIZED_AUTOS = YES_AGGRESSIVE;
				GCC_WARN_UNUSED_FUNCTION = YES;
				GCC_WARN_UNUSED_VARIABLE = YES;
				IPHONEOS_DEPLOYMENT_TARGET = 9.0;
				MTL_ENABLE_DEBUG_INFO = YES;
				ONLY_ACTIVE_ARCH = YES;
				SDKROOT = iphoneos;
				TARGETED_DEVICE_FAMILY = "1,2";
			};
			name = Debug;
		};
		9038A1401BC70A64002D3691 /* Release */ = {
			isa = XCBuildConfiguration;
			buildSettings = {
				ALWAYS_SEARCH_USER_PATHS = NO;
				CLANG_CXX_LANGUAGE_STANDARD = "gnu++0x";
				CLANG_CXX_LIBRARY = "libc++";
				CLANG_ENABLE_MODULES = YES;
				CLANG_ENABLE_OBJC_ARC = YES;
				CLANG_WARN_BOOL_CONVERSION = YES;
				CLANG_WARN_CONSTANT_CONVERSION = YES;
				CLANG_WARN_DIRECT_OBJC_ISA_USAGE = YES_ERROR;
				CLANG_WARN_EMPTY_BODY = YES;
				CLANG_WARN_ENUM_CONVERSION = YES;
				CLANG_WARN_INT_CONVERSION = YES;
				CLANG_WARN_OBJC_ROOT_CLASS = YES_ERROR;
				CLANG_WARN_UNREACHABLE_CODE = YES;
				CLANG_WARN__DUPLICATE_METHOD_MATCH = YES;
				"CODE_SIGN_IDENTITY[sdk=iphoneos*]" = "iPhone Developer";
				COPY_PHASE_STRIP = NO;
				DEBUG_INFORMATION_FORMAT = "dwarf-with-dsym";
				ENABLE_NS_ASSERTIONS = NO;
				ENABLE_STRICT_OBJC_MSGSEND = YES;
				GCC_C_LANGUAGE_STANDARD = gnu99;
				GCC_NO_COMMON_BLOCKS = YES;
				GCC_WARN_64_TO_32_BIT_CONVERSION = YES;
				GCC_WARN_ABOUT_RETURN_TYPE = YES_ERROR;
				GCC_WARN_UNDECLARED_SELECTOR = YES;
				GCC_WARN_UNINITIALIZED_AUTOS = YES_AGGRESSIVE;
				GCC_WARN_UNUSED_FUNCTION = YES;
				GCC_WARN_UNUSED_VARIABLE = YES;
				IPHONEOS_DEPLOYMENT_TARGET = 9.0;
				MTL_ENABLE_DEBUG_INFO = NO;
				SDKROOT = iphoneos;
				TARGETED_DEVICE_FAMILY = "1,2";
				VALIDATE_PRODUCT = YES;
			};
			name = Release;
		};
		9038A1421BC70A64002D3691 /* Debug */ = {
			isa = XCBuildConfiguration;
			baseConfigurationReference = 1CD2DEAFABA5C3EF8CAC6152 /* Pods-ShareThought.debug.xcconfig */;
			buildSettings = {
				ASSETCATALOG_COMPILER_APPICON_NAME = AppIcon;
				CODE_SIGN_IDENTITY = "iPhone Developer";
				"CODE_SIGN_IDENTITY[sdk=iphoneos*]" = "iPhone Developer";
				INFOPLIST_FILE = ShareThought/Info.plist;
				LD_RUNPATH_SEARCH_PATHS = "$(inherited) @executable_path/Frameworks";
				PRODUCT_BUNDLE_IDENTIFIER = Team7.ShareThought;
				PRODUCT_NAME = "$(TARGET_NAME)";
				PROVISIONING_PROFILE = "";
			};
			name = Debug;
		};
		9038A1431BC70A64002D3691 /* Release */ = {
			isa = XCBuildConfiguration;
			baseConfigurationReference = 470FD256531612FD0DF9B34B /* Pods-ShareThought.release.xcconfig */;
			buildSettings = {
				ASSETCATALOG_COMPILER_APPICON_NAME = AppIcon;
				CODE_SIGN_IDENTITY = "iPhone Developer";
				"CODE_SIGN_IDENTITY[sdk=iphoneos*]" = "iPhone Developer";
				INFOPLIST_FILE = ShareThought/Info.plist;
				LD_RUNPATH_SEARCH_PATHS = "$(inherited) @executable_path/Frameworks";
				PRODUCT_BUNDLE_IDENTIFIER = Team7.ShareThought;
				PRODUCT_NAME = "$(TARGET_NAME)";
				PROVISIONING_PROFILE = "";
			};
			name = Release;
		};
		9038A1451BC70A64002D3691 /* Debug */ = {
			isa = XCBuildConfiguration;
			buildSettings = {
				BUNDLE_LOADER = "$(TEST_HOST)";
				INFOPLIST_FILE = ShareThoughtTests/Info.plist;
				LD_RUNPATH_SEARCH_PATHS = "$(inherited) @executable_path/Frameworks @loader_path/Frameworks";
				PRODUCT_BUNDLE_IDENTIFIER = Team7.ShareThoughtTests;
				PRODUCT_NAME = "$(TARGET_NAME)";
				TEST_HOST = "$(BUILT_PRODUCTS_DIR)/ShareThought.app/ShareThought";
			};
			name = Debug;
		};
		9038A1461BC70A64002D3691 /* Release */ = {
			isa = XCBuildConfiguration;
			buildSettings = {
				BUNDLE_LOADER = "$(TEST_HOST)";
				INFOPLIST_FILE = ShareThoughtTests/Info.plist;
				LD_RUNPATH_SEARCH_PATHS = "$(inherited) @executable_path/Frameworks @loader_path/Frameworks";
				PRODUCT_BUNDLE_IDENTIFIER = Team7.ShareThoughtTests;
				PRODUCT_NAME = "$(TARGET_NAME)";
				TEST_HOST = "$(BUILT_PRODUCTS_DIR)/ShareThought.app/ShareThought";
			};
			name = Release;
		};
/* End XCBuildConfiguration section */

/* Begin XCConfigurationList section */
		9038A1171BC70A64002D3691 /* Build configuration list for PBXProject "ShareThought" */ = {
			isa = XCConfigurationList;
			buildConfigurations = (
				9038A13F1BC70A64002D3691 /* Debug */,
				9038A1401BC70A64002D3691 /* Release */,
			);
			defaultConfigurationIsVisible = 0;
			defaultConfigurationName = Release;
		};
		9038A1411BC70A64002D3691 /* Build configuration list for PBXNativeTarget "ShareThought" */ = {
			isa = XCConfigurationList;
			buildConfigurations = (
				9038A1421BC70A64002D3691 /* Debug */,
				9038A1431BC70A64002D3691 /* Release */,
			);
			defaultConfigurationIsVisible = 0;
			defaultConfigurationName = Release;
		};
		9038A1441BC70A64002D3691 /* Build configuration list for PBXNativeTarget "ShareThoughtTests" */ = {
			isa = XCConfigurationList;
			buildConfigurations = (
				9038A1451BC70A64002D3691 /* Debug */,
				9038A1461BC70A64002D3691 /* Release */,
			);
			defaultConfigurationIsVisible = 0;
			defaultConfigurationName = Release;
		};
/* End XCConfigurationList section */

/* Begin XCVersionGroup section */
		9038A12B1BC70A64002D3691 /* ShareThought.xcdatamodeld */ = {
			isa = XCVersionGroup;
			children = (
				9038A12C1BC70A64002D3691 /* ShareThought.xcdatamodel */,
			);
			currentVersion = 9038A12C1BC70A64002D3691 /* ShareThought.xcdatamodel */;
			path = ShareThought.xcdatamodeld;
			sourceTree = "<group>";
			versionGroupType = wrapper.xcdatamodel;
		};
/* End XCVersionGroup section */
	};
	rootObject = 9038A1141BC70A64002D3691 /* Project object */;
}
